
Microsoft Visual Studio Solution File, Format Version 12.00
# Visual Studio Version 17
VisualStudioVersion = 17.4.33110.190
MinimumVisualStudioVersion = 10.0.40219.1
Project("{FAE04EC0-301F-11D3-BF4B-00C04F79EFBC}") = "ContosoUniversity", "ContosoUniversity\ContosoUniversity.csproj", "{78013321-E76B-429D-8606-5D30B3A07EC0}"
EndProject
Global
	GlobalSection(SolutionConfigurationPlatforms) = preSolution
		Debug|Any CPU = Debug|Any CPU
		Release|Any CPU = Release|Any CPU
	EndGlobalSection
	GlobalSection(ProjectConfigurationPlatforms) = postSolution
		{78013321-E76B-429D-8606-5D30B3A07EC0}.Debug|Any CPU.ActiveCfg = Debug|Any CPU
		{78013321-E76B-429D-8606-5D30B3A07EC0}.Debug|Any CPU.Build.0 = Debug|Any CPU
		{78013321-E76B-429D-8606-5D30B3A07EC0}.Release|Any CPU.ActiveCfg = Release|Any CPU
		{78013321-E76B-429D-8606-5D30B3A07EC0}.Release|Any CPU.Build.0 = Release|Any CPU
	EndGlobalSection
	GlobalSection(SolutionProperties) = preSolution
		HideSolutionNode = FALSE
	EndGlobalSection
	GlobalSection(ExtensibilityGlobals) = postSolution
		SolutionGuid = {EE68339A-1997-4386-AB39-35DF4CB32360}
	EndGlobalSection
EndGlobal
